// !$*UTF8*$!
{
	archiveVersion = 1;
	classes = {
	};
	objectVersion = 46;
	objects = {

/* Begin PBXBuildFile section */
		4482FBA31D93FFF300A04BED /* AppDelegate.swift in Sources */ = {isa = PBXBuildFile; fileRef = 4482FBA21D93FFF300A04BED /* AppDelegate.swift */; };
		4482FBA51D93FFF300A04BED /* ViewController.swift in Sources */ = {isa = PBXBuildFile; fileRef = 4482FBA41D93FFF300A04BED /* ViewController.swift */; };
		4482FBA81D93FFF300A04BED /* Main.storyboard in Resources */ = {isa = PBXBuildFile; fileRef = 4482FBA61D93FFF300A04BED /* Main.storyboard */; };
		4482FBAA1D93FFF300A04BED /* Assets.xcassets in Resources */ = {isa = PBXBuildFile; fileRef = 4482FBA91D93FFF300A04BED /* Assets.xcassets */; };
		4482FBAD1D93FFF300A04BED /* LaunchScreen.storyboard in Resources */ = {isa = PBXBuildFile; fileRef = 4482FBAB1D93FFF300A04BED /* LaunchScreen.storyboard */; };
/* End PBXBuildFile section */

/* Begin PBXFileReference section */
		4482FB9F1D93FFF300A04BED /* Controlando o teclado.app */ = {isa = PBXFileReference; explicitFileType = wrapper.application; includeInIndex = 0; path = "Controlando o teclado.app"; sourceTree = BUILT_PRODUCTS_DIR; };
		4482FBA21D93FFF300A04BED /* AppDelegate.swift */ = {isa = PBXFileReference; lastKnownFileType = sourcecode.swift; path = AppDelegate.swift; sourceTree = "<group>"; };
		4482FBA41D93FFF300A04BED /* ViewController.swift */ = {isa = PBXFileReference; lastKnownFileType = sourcecode.swift; path = ViewController.swift; sourceTree = "<group>"; };
		4482FBA71D93FFF300A04BED /* Base */ = {isa = PBXFileReference; lastKnownFileType = file.storyboard; name = Base; path = Base.lproj/Main.storyboard; sourceTree = "<group>"; };
		4482FBA91D93FFF300A04BED /* Assets.xcassets */ = {isa = PBXFileReference; lastKnownFileType = folder.assetcatalog; path = Assets.xcassets; sourceTree = "<group>"; };
		4482FBAC1D93FFF300A04BED /* Base */ = {isa = PBXFileReference; lastKnownFileType = file.storyboard; name = Base; path = Base.lproj/LaunchScreen.storyboard; sourceTree = "<group>"; };
		4482FBAE1D93FFF300A04BED /* Info.plist */ = {isa = PBXFileReference; lastKnownFileType = text.plist.xml; path = Info.plist; sourceTree = "<group>"; };
/* End PBXFileReference section */

/* Begin PBXFrameworksBuildPhase section */
		4482FB9C1D93FFF300A04BED /* Frameworks */ = {
			isa = PBXFrameworksBuildPhase;
			buildActionMask = 2147483647;
			files = (
			);
			runOnlyForDeploymentPostprocessing = 0;
		};
/* End PBXFrameworksBuildPhase section */

/* Begin PBXGroup section */
		4482FB961D93FFF300A04BED = {
			isa = PBXGroup;
			children = (
				4482FBA11D93FFF300A04BED /* Controlando o teclado */,
				4482FBA01D93FFF300A04BED /* Products */,
			);
			sourceTree = "<group>";
		};
		4482FBA01D93FFF300A04BED /* Products */ = {
			isa = PBXGroup;
			children = (
				4482FB9F1D93FFF300A04BED /* Controlando o teclado.app */,
			);
			name = Products;
			sourceTree = "<group>";
		};
		4482FBA11D93FFF300A04BED /* Controlando o teclado */ = {
			isa = PBXGroup;
			children = (
				4482FBA21D93FFF300A04BED /* AppDelegate.swift */,
				4482FBA41D93FFF300A04BED /* ViewController.swift */,
				4482FBA61D93FFF300A04BED /* Main.storyboard */,
				4482FBA91D93FFF300A04BED /* Assets.xcassets */,
				4482FBAB1D93FFF300A04BED /* LaunchScreen.storyboard */,
				4482FBAE1D93FFF300A04BED /* Info.plist */,
			);
			path = "Controlando o teclado";
			sourceTree = "<group>";
		};
/* End PBXGroup section */

/* Begin PBXNativeTarget section */
		4482FB9E1D93FFF300A04BED /* Controlando o teclado */ = {
			isa = PBXNativeTarget;
			buildConfigurationList = 4482FBB11D93FFF300A04BED /* Build configuration list for PBXNativeTarget "Controlando o teclado" */;
			buildPhases = (
				4482FB9B1D93FFF300A04BED /* Sources */,
				4482FB9C1D93FFF300A04BED /* Frameworks */,
				4482FB9D1D93FFF300A04BED /* Resources */,
			);
			buildRules = (
			);
			dependencies = (
			);
			name = "Controlando o teclado";
			productName = "Controlando o teclado";
			productReference = 4482FB9F1D93FFF300A04BED /* Controlando o teclado.app */;
			productType = "com.apple.product-type.application";
		};
/* End PBXNativeTarget section */

/* Begin PBXProject section */
		4482FB971D93FFF300A04BED /* Project object */ = {
			isa = PBXProject;
			attributes = {
				LastSwiftUpdateCheck = 0730;
				LastUpgradeCheck = 0730;
				ORGANIZATIONNAME = ios;
				TargetAttributes = {
					4482FB9E1D93FFF300A04BED = {
						CreatedOnToolsVersion = 7.3.1;
					};
				};
			};
			buildConfigurationList = 4482FB9A1D93FFF300A04BED /* Build configuration list for PBXProject "Controlando o teclado" */;
			compatibilityVersion = "Xcode 3.2";
			developmentRegion = English;
			hasScannedForEncodings = 0;
			knownRegions = (
				en,
				Base,
			);
			mainGroup = 4482FB961D93FFF300A04BED;
			productRefGroup = 4482FBA01D93FFF300A04BED /* Products */;
			projectDirPath = "";
			projectRoot = "";
			targets = (
				4482FB9E1D93FFF300A04BED /* Controlando o teclado */,
			);
		};
/* End PBXProject section */

/* Begin PBXResourcesBuildPhase section */
		4482FB9D1D93FFF300A04BED /* Resources */ = {
			isa = PBXResourcesBuildPhase;
			buildActionMask = 2147483647;
			files = (
				4482FBAD1D93FFF300A04BED /* LaunchScreen.storyboard in Resources */,
				4482FBAA1D93FFF300A04BED /* Assets.xcassets in Resources */,
				4482FBA81D93FFF300A04BED /* Main.storyboard in Resources */,
			);
			runOnlyForDeploymentPostprocessing = 0;
		};
/* End PBXResourcesBuildPhase section */

/* Begin PBXSourcesBuildPhase section */
		4482FB9B1D93FFF300A04BED /* Sources */ = {
			isa = PBXSourcesBuildPhase;
			buildActionMask = 2147483647;
			files = (
				4482FBA51D93FFF300A04BED /* ViewController.swift in Sources */,
				4482FBA31D93FFF300A04BED /* AppDelegate.swift in Sources */,
			);
			runOnlyForDeploymentPostprocessing = 0;
		};
/* End PBXSourcesBuildPhase section */

/* Begin PBXVariantGroup section */
		4482FBA61D93FFF300A04BED /* Main.storyboard */ = {
			isa = PBXVariantGroup;
			children = (
				4482FBA71D93FFF300A04BED /* Base */,
			);
			name = Main.storyboard;
			sourceTree = "<group>";
		};
		4482FBAB1D93FFF300A04BED /* LaunchScreen.storyboard */ = {
			isa = PBXVariantGroup;
			children = (
				4482FBAC1D93FFF300A04BED /* Base */,
			);
			name = LaunchScreen.storyboard;
			sourceTree = "<group>";
		};
/* End PBXVariantGroup section */

/* Begin XCBuildConfiguration section */
		4482FBAF1D93FFF300A04BED /* Debug */ = {
			isa = XCBuildConfiguration;
			buildSettings = {
				ALWAYS_SEARCH_USER_PATHS = NO;
				CLANG_ANALYZER_NONNULL = YES;
				CLANG_CXX_LANGUAGE_STANDARD = "gnu++0x";
				CLANG_CXX_LIBRARY = "libc++";
				CLANG_ENABLE_MODULES = YES;
				CLANG_ENABLE_OBJC_ARC = YES;
				CLANG_WARN_BOOL_CONVERSION = YES;
				CLANG_WARN_CONSTANT_CONVERSION = YES;
				CLANG_WARN_DIRECT_OBJC_ISA_USAGE = YES_ERROR;
				CLANG_WARN_EMPTY_BODY = YES;
				CLANG_WARN_ENUM_CONVERSION = YES;
				CLANG_WARN_INT_CONVERSION = YES;
				CLANG_WARN_OBJC_ROOT_CLASS = YES_ERROR;
				CLANG_WARN_UNREACHABLE_CODE = YES;
				CLANG_WARN__DUPLICATE_METHOD_MATCH = YES;
				"CODE_SIGN_IDENTITY[sdk=iphoneos*]" = "iPhone Developer";
				COPY_PHASE_STRIP = NO;
				DEBUG_INFORMATION_FORMAT = dwarf;
				ENABLE_STRICT_OBJC_MSGSEND = YES;
				ENABLE_TESTABILITY = YES;
				GCC_C_LANGUAGE_STANDARD = gnu99;
				GCC_DYNAMIC_NO_PIC = NO;
				GCC_NO_COMMON_BLOCKS = YES;
				GCC_OPTIMIZATION_LEVEL = 0;
				GCC_PREPROCESSOR_DEFINITIONS = (
					"DEBUG=1",
					"$(inherited)",
				);
				GCC_WARN_64_TO_32_BIT_CONVERSION = YES;
				GCC_WARN_ABOUT_RETURN_TYPE = YES_ERROR;
				GCC_WARN_UNDECLARED_SELECTOR = YES;
				GCC_WARN_UNINITIALIZED_AUTOS = YES_AGGRESSIVE;
				GCC_WARN_UNUSED_FUNCTION = YES;
				GCC_WARN_UNUSED_VARIABLE = YES;
				IPHONEOS_DEPLOYMENT_TARGET = 9.3;
				MTL_ENABLE_DEBUG_INFO = YES;
				ONLY_ACTIVE_ARCH = YES;
				SDKROOT = iphoneos;
				SWIFT_OPTIMIZATION_LEVEL = "-Onone";
			};
			name = Debug;
		};
		4482FBB01D93FFF300A04BED /* Release */ = {
			isa = XCBuildConfiguration;
			buildSettings = {
				ALWAYS_SEARCH_USER_PATHS = NO;
				CLANG_ANALYZER_NONNULL = YES;
				CLANG_CXX_LANGUAGE_STANDARD = "gnu++0x";
				CLANG_CXX_LIBRARY = "libc++";
				CLANG_ENABLE_MODULES = YES;
				CLANG_ENABLE_OBJC_ARC = YES;
				CLANG_WARN_BOOL_CONVERSION = YES;
				CLANG_WARN_CONSTANT_CONVERSION = YES;
				CLANG_WARN_DIRECT_OBJC_ISA_USAGE = YES_ERROR;
				CLANG_WARN_EMPTY_BODY = YES;
				CLANG_WARN_ENUM_CONVERSION = YES;
				CLANG_WARN_INT_CONVERSION = YES;
				CLANG_WARN_OBJC_ROOT_CLASS = YES_ERROR;
				CLANG_WARN_UNREACHABLE_CODE = YES;
				CLANG_WARN__DUPLICATE_METHOD_MATCH = YES;
				"CODE_SIGN_IDENTITY[sdk=iphoneos*]" = "iPhone Developer";
				COPY_PHASE_STRIP = NO;
				DEBUG_INFORMATION_FORMAT = "dwarf-with-dsym";
				ENABLE_NS_ASSERTIONS = NO;
				ENABLE_STRICT_OBJC_MSGSEND = YES;
				GCC_C_LANGUAGE_STANDARD = gnu99;
				GCC_NO_COMMON_BLOCKS = YES;
				GCC_WARN_64_TO_32_BIT_CONVERSION = YES;
				GCC_WARN_ABOUT_RETURN_TYPE = YES_ERROR;
				GCC_WARN_UNDECLARED_SELECTOR = YES;
				GCC_WARN_UNINITIALIZED_AUTOS = YES_AGGRESSIVE;
				GCC_WARN_UNUSED_FUNCTION = YES;
				GCC_WARN_UNUSED_VARIABLE = YES;
				IPHONEOS_DEPLOYMENT_TARGET = 9.3;
				MTL_ENABLE_DEBUG_INFO = NO;
				SDKROOT = iphoneos;
				VALIDATE_PRODUCT = YES;
			};
			name = Release;
		};
		4482FBB21D93FFF300A04BED /* Debug */ = {
			isa = XCBuildConfiguration;
			buildSettings = {
				ASSETCATALOG_COMPILER_APPICON_NAME = AppIcon;
				INFOPLIST_FILE = "Controlando o teclado/Info.plist";
				LD_RUNPATH_SEARCH_PATHS = "$(inherited) @executable_path/Frameworks";
				PRODUCT_BUNDLE_IDENTIFIER = "com.ios.Controlando-o-teclado";
				PRODUCT_NAME = "$(TARGET_NAME)";
			};
			name = Debug;
		};
		4482FBB31D93FFF300A04BED /* Release */ = {
			isa = XCBuildConfiguration;
			buildSettings = {
				ASSETCATALOG_COMPILER_APPICON_NAME = AppIcon;
				INFOPLIST_FILE = "Controlando o teclado/Info.plist";
				LD_RUNPATH_SEARCH_PATHS = "$(inherited) @executable_path/Frameworks";
				PRODUCT_BUNDLE_IDENTIFIER = "com.ios.Controlando-o-teclado";
				PRODUCT_NAME = "$(TARGET_NAME)";
			};
			name = Release;
		};
/* End XCBuildConfiguration section */

/* Begin XCConfigurationList section */
		4482FB9A1D93FFF300A04BED /* Build configuration list for PBXProject "Controlando o teclado" */ = {
			isa = XCConfigurationList;
			buildConfigurations = (
				4482FBAF1D93FFF300A04BED /* Debug */,
				4482FBB01D93FFF300A04BED /* Release */,
			);
			defaultConfigurationIsVisible = 0;
			defaultConfigurationName = Release;
		};
		4482FBB11D93FFF300A04BED /* Build configuration list for PBXNativeTarget "Controlando o teclado" */ = {
			isa = XCConfigurationList;
			buildConfigurations = (
				4482FBB21D93FFF300A04BED /* Debug */,
				4482FBB31D93FFF300A04BED /* Release */,
			);
			defaultConfigurationIsVisible = 0;
		};
/* End XCConfigurationList section */
	};
	rootObject = 4482FB971D93FFF300A04BED /* Project object */;
}
