// !$*UTF8*$!
{
	archiveVersion = 1;
	classes = {
	};
	objectVersion = 46;
	objects = {

/* Begin PBXBuildFile section */
		4444EB7C1D957D0900B4DFC9 /* AppDelegate.swift in Sources */ = {isa = PBXBuildFile; fileRef = 4444EB7B1D957D0900B4DFC9 /* AppDelegate.swift */; };
		4444EB7E1D957D0900B4DFC9 /* ViewController.swift in Sources */ = {isa = PBXBuildFile; fileRef = 4444EB7D1D957D0900B4DFC9 /* ViewController.swift */; };
		4444EB811D957D0900B4DFC9 /* Main.storyboard in Resources */ = {isa = PBXBuildFile; fileRef = 4444EB7F1D957D0900B4DFC9 /* Main.storyboard */; };
		4444EB831D957D0900B4DFC9 /* Assets.xcassets in Resources */ = {isa = PBXBuildFile; fileRef = 4444EB821D957D0900B4DFC9 /* Assets.xcassets */; };
		4444EB861D957D0900B4DFC9 /* LaunchScreen.storyboard in Resources */ = {isa = PBXBuildFile; fileRef = 4444EB841D957D0900B4DFC9 /* LaunchScreen.storyboard */; };
		4444EB8E1D957D2E00B4DFC9 /* CoreLocation.framework in Frameworks */ = {isa = PBXBuildFile; fileRef = 4444EB8D1D957D2E00B4DFC9 /* CoreLocation.framework */; };
/* End PBXBuildFile section */

/* Begin PBXFileReference section */
		4444EB781D957D0900B4DFC9 /* Onde estou.app */ = {isa = PBXFileReference; explicitFileType = wrapper.application; includeInIndex = 0; path = "Onde estou.app"; sourceTree = BUILT_PRODUCTS_DIR; };
		4444EB7B1D957D0900B4DFC9 /* AppDelegate.swift */ = {isa = PBXFileReference; lastKnownFileType = sourcecode.swift; path = AppDelegate.swift; sourceTree = "<group>"; };
		4444EB7D1D957D0900B4DFC9 /* ViewController.swift */ = {isa = PBXFileReference; lastKnownFileType = sourcecode.swift; path = ViewController.swift; sourceTree = "<group>"; };
		4444EB801D957D0900B4DFC9 /* Base */ = {isa = PBXFileReference; lastKnownFileType = file.storyboard; name = Base; path = Base.lproj/Main.storyboard; sourceTree = "<group>"; };
		4444EB821D957D0900B4DFC9 /* Assets.xcassets */ = {isa = PBXFileReference; lastKnownFileType = folder.assetcatalog; path = Assets.xcassets; sourceTree = "<group>"; };
		4444EB851D957D0900B4DFC9 /* Base */ = {isa = PBXFileReference; lastKnownFileType = file.storyboard; name = Base; path = Base.lproj/LaunchScreen.storyboard; sourceTree = "<group>"; };
		4444EB871D957D0900B4DFC9 /* Info.plist */ = {isa = PBXFileReference; lastKnownFileType = text.plist.xml; path = Info.plist; sourceTree = "<group>"; };
		4444EB8D1D957D2E00B4DFC9 /* CoreLocation.framework */ = {isa = PBXFileReference; lastKnownFileType = wrapper.framework; name = CoreLocation.framework; path = System/Library/Frameworks/CoreLocation.framework; sourceTree = SDKROOT; };
/* End PBXFileReference section */

/* Begin PBXFrameworksBuildPhase section */
		4444EB751D957D0900B4DFC9 /* Frameworks */ = {
			isa = PBXFrameworksBuildPhase;
			buildActionMask = 2147483647;
			files = (
				4444EB8E1D957D2E00B4DFC9 /* CoreLocation.framework in Frameworks */,
			);
			runOnlyForDeploymentPostprocessing = 0;
		};
/* End PBXFrameworksBuildPhase section */

/* Begin PBXGroup section */
		4444EB6F1D957D0900B4DFC9 = {
			isa = PBXGroup;
			children = (
				4444EB8D1D957D2E00B4DFC9 /* CoreLocation.framework */,
				4444EB7A1D957D0900B4DFC9 /* Onde estou */,
				4444EB791D957D0900B4DFC9 /* Products */,
			);
			sourceTree = "<group>";
		};
		4444EB791D957D0900B4DFC9 /* Products */ = {
			isa = PBXGroup;
			children = (
				4444EB781D957D0900B4DFC9 /* Onde estou.app */,
			);
			name = Products;
			sourceTree = "<group>";
		};
		4444EB7A1D957D0900B4DFC9 /* Onde estou */ = {
			isa = PBXGroup;
			children = (
				4444EB7B1D957D0900B4DFC9 /* AppDelegate.swift */,
				4444EB7D1D957D0900B4DFC9 /* ViewController.swift */,
				4444EB7F1D957D0900B4DFC9 /* Main.storyboard */,
				4444EB821D957D0900B4DFC9 /* Assets.xcassets */,
				4444EB841D957D0900B4DFC9 /* LaunchScreen.storyboard */,
				4444EB871D957D0900B4DFC9 /* Info.plist */,
			);
			path = "Onde estou";
			sourceTree = "<group>";
		};
/* End PBXGroup section */

/* Begin PBXNativeTarget section */
		4444EB771D957D0900B4DFC9 /* Onde estou */ = {
			isa = PBXNativeTarget;
			buildConfigurationList = 4444EB8A1D957D0900B4DFC9 /* Build configuration list for PBXNativeTarget "Onde estou" */;
			buildPhases = (
				4444EB741D957D0900B4DFC9 /* Sources */,
				4444EB751D957D0900B4DFC9 /* Frameworks */,
				4444EB761D957D0900B4DFC9 /* Resources */,
			);
			buildRules = (
			);
			dependencies = (
			);
			name = "Onde estou";
			productName = "Onde estou";
			productReference = 4444EB781D957D0900B4DFC9 /* Onde estou.app */;
			productType = "com.apple.product-type.application";
		};
/* End PBXNativeTarget section */

/* Begin PBXProject section */
		4444EB701D957D0900B4DFC9 /* Project object */ = {
			isa = PBXProject;
			attributes = {
				LastSwiftUpdateCheck = 0730;
				LastUpgradeCheck = 0730;
				ORGANIZATIONNAME = ios;
				TargetAttributes = {
					4444EB771D957D0900B4DFC9 = {
						CreatedOnToolsVersion = 7.3.1;
					};
				};
			};
			buildConfigurationList = 4444EB731D957D0900B4DFC9 /* Build configuration list for PBXProject "Onde estou" */;
			compatibilityVersion = "Xcode 3.2";
			developmentRegion = English;
			hasScannedForEncodings = 0;
			knownRegions = (
				en,
				Base,
			);
			mainGroup = 4444EB6F1D957D0900B4DFC9;
			productRefGroup = 4444EB791D957D0900B4DFC9 /* Products */;
			projectDirPath = "";
			projectRoot = "";
			targets = (
				4444EB771D957D0900B4DFC9 /* Onde estou */,
			);
		};
/* End PBXProject section */

/* Begin PBXResourcesBuildPhase section */
		4444EB761D957D0900B4DFC9 /* Resources */ = {
			isa = PBXResourcesBuildPhase;
			buildActionMask = 2147483647;
			files = (
				4444EB861D957D0900B4DFC9 /* LaunchScreen.storyboard in Resources */,
				4444EB831D957D0900B4DFC9 /* Assets.xcassets in Resources */,
				4444EB811D957D0900B4DFC9 /* Main.storyboard in Resources */,
			);
			runOnlyForDeploymentPostprocessing = 0;
		};
/* End PBXResourcesBuildPhase section */

/* Begin PBXSourcesBuildPhase section */
		4444EB741D957D0900B4DFC9 /* Sources */ = {
			isa = PBXSourcesBuildPhase;
			buildActionMask = 2147483647;
			files = (
				4444EB7E1D957D0900B4DFC9 /* ViewController.swift in Sources */,
				4444EB7C1D957D0900B4DFC9 /* AppDelegate.swift in Sources */,
			);
			runOnlyForDeploymentPostprocessing = 0;
		};
/* End PBXSourcesBuildPhase section */

/* Begin PBXVariantGroup section */
		4444EB7F1D957D0900B4DFC9 /* Main.storyboard */ = {
			isa = PBXVariantGroup;
			children = (
				4444EB801D957D0900B4DFC9 /* Base */,
			);
			name = Main.storyboard;
			sourceTree = "<group>";
		};
		4444EB841D957D0900B4DFC9 /* LaunchScreen.storyboard */ = {
			isa = PBXVariantGroup;
			children = (
				4444EB851D957D0900B4DFC9 /* Base */,
			);
			name = LaunchScreen.storyboard;
			sourceTree = "<group>";
		};
/* End PBXVariantGroup section */

/* Begin XCBuildConfiguration section */
		4444EB881D957D0900B4DFC9 /* Debug */ = {
			isa = XCBuildConfiguration;
			buildSettings = {
				ALWAYS_SEARCH_USER_PATHS = NO;
				CLANG_ANALYZER_NONNULL = YES;
				CLANG_CXX_LANGUAGE_STANDARD = "gnu++0x";
				CLANG_CXX_LIBRARY = "libc++";
				CLANG_ENABLE_MODULES = YES;
				CLANG_ENABLE_OBJC_ARC = YES;
				CLANG_WARN_BOOL_CONVERSION = YES;
				CLANG_WARN_CONSTANT_CONVERSION = YES;
				CLANG_WARN_DIRECT_OBJC_ISA_USAGE = YES_ERROR;
				CLANG_WARN_EMPTY_BODY = YES;
				CLANG_WARN_ENUM_CONVERSION = YES;
				CLANG_WARN_INT_CONVERSION = YES;
				CLANG_WARN_OBJC_ROOT_CLASS = YES_ERROR;
				CLANG_WARN_UNREACHABLE_CODE = YES;
				CLANG_WARN__DUPLICATE_METHOD_MATCH = YES;
				"CODE_SIGN_IDENTITY[sdk=iphoneos*]" = "iPhone Developer";
				COPY_PHASE_STRIP = NO;
				DEBUG_INFORMATION_FORMAT = dwarf;
				ENABLE_STRICT_OBJC_MSGSEND = YES;
				ENABLE_TESTABILITY = YES;
				GCC_C_LANGUAGE_STANDARD = gnu99;
				GCC_DYNAMIC_NO_PIC = NO;
				GCC_NO_COMMON_BLOCKS = YES;
				GCC_OPTIMIZATION_LEVEL = 0;
				GCC_PREPROCESSOR_DEFINITIONS = (
					"DEBUG=1",
					"$(inherited)",
				);
				GCC_WARN_64_TO_32_BIT_CONVERSION = YES;
				GCC_WARN_ABOUT_RETURN_TYPE = YES_ERROR;
				GCC_WARN_UNDECLARED_SELECTOR = YES;
				GCC_WARN_UNINITIALIZED_AUTOS = YES_AGGRESSIVE;
				GCC_WARN_UNUSED_FUNCTION = YES;
				GCC_WARN_UNUSED_VARIABLE = YES;
				IPHONEOS_DEPLOYMENT_TARGET = 9.3;
				MTL_ENABLE_DEBUG_INFO = YES;
				ONLY_ACTIVE_ARCH = YES;
				SDKROOT = iphoneos;
				SWIFT_OPTIMIZATION_LEVEL = "-Onone";
			};
			name = Debug;
		};
		4444EB891D957D0900B4DFC9 /* Release */ = {
			isa = XCBuildConfiguration;
			buildSettings = {
				ALWAYS_SEARCH_USER_PATHS = NO;
				CLANG_ANALYZER_NONNULL = YES;
				CLANG_CXX_LANGUAGE_STANDARD = "gnu++0x";
				CLANG_CXX_LIBRARY = "libc++";
				CLANG_ENABLE_MODULES = YES;
				CLANG_ENABLE_OBJC_ARC = YES;
				CLANG_WARN_BOOL_CONVERSION = YES;
				CLANG_WARN_CONSTANT_CONVERSION = YES;
				CLANG_WARN_DIRECT_OBJC_ISA_USAGE = YES_ERROR;
				CLANG_WARN_EMPTY_BODY = YES;
				CLANG_WARN_ENUM_CONVERSION = YES;
				CLANG_WARN_INT_CONVERSION = YES;
				CLANG_WARN_OBJC_ROOT_CLASS = YES_ERROR;
				CLANG_WARN_UNREACHABLE_CODE = YES;
				CLANG_WARN__DUPLICATE_METHOD_MATCH = YES;
				"CODE_SIGN_IDENTITY[sdk=iphoneos*]" = "iPhone Developer";
				COPY_PHASE_STRIP = NO;
				DEBUG_INFORMATION_FORMAT = "dwarf-with-dsym";
				ENABLE_NS_ASSERTIONS = NO;
				ENABLE_STRICT_OBJC_MSGSEND = YES;
				GCC_C_LANGUAGE_STANDARD = gnu99;
				GCC_NO_COMMON_BLOCKS = YES;
				GCC_WARN_64_TO_32_BIT_CONVERSION = YES;
				GCC_WARN_ABOUT_RETURN_TYPE = YES_ERROR;
				GCC_WARN_UNDECLARED_SELECTOR = YES;
				GCC_WARN_UNINITIALIZED_AUTOS = YES_AGGRESSIVE;
				GCC_WARN_UNUSED_FUNCTION = YES;
				GCC_WARN_UNUSED_VARIABLE = YES;
				IPHONEOS_DEPLOYMENT_TARGET = 9.3;
				MTL_ENABLE_DEBUG_INFO = NO;
				SDKROOT = iphoneos;
				VALIDATE_PRODUCT = YES;
			};
			name = Release;
		};
		4444EB8B1D957D0900B4DFC9 /* Debug */ = {
			isa = XCBuildConfiguration;
			buildSettings = {
				ASSETCATALOG_COMPILER_APPICON_NAME = AppIcon;
				INFOPLIST_FILE = "Onde estou/Info.plist";
				LD_RUNPATH_SEARCH_PATHS = "$(inherited) @executable_path/Frameworks";
				PRODUCT_BUNDLE_IDENTIFIER = "com.ios.Onde-estou";
				PRODUCT_NAME = "$(TARGET_NAME)";
			};
			name = Debug;
		};
		4444EB8C1D957D0900B4DFC9 /* Release */ = {
			isa = XCBuildConfiguration;
			buildSettings = {
				ASSETCATALOG_COMPILER_APPICON_NAME = AppIcon;
				INFOPLIST_FILE = "Onde estou/Info.plist";
				LD_RUNPATH_SEARCH_PATHS = "$(inherited) @executable_path/Frameworks";
				PRODUCT_BUNDLE_IDENTIFIER = "com.ios.Onde-estou";
				PRODUCT_NAME = "$(TARGET_NAME)";
			};
			name = Release;
		};
/* End XCBuildConfiguration section */

/* Begin XCConfigurationList section */
		4444EB731D957D0900B4DFC9 /* Build configuration list for PBXProject "Onde estou" */ = {
			isa = XCConfigurationList;
			buildConfigurations = (
				4444EB881D957D0900B4DFC9 /* Debug */,
				4444EB891D957D0900B4DFC9 /* Release */,
			);
			defaultConfigurationIsVisible = 0;
			defaultConfigurationName = Release;
		};
		4444EB8A1D957D0900B4DFC9 /* Build configuration list for PBXNativeTarget "Onde estou" */ = {
			isa = XCConfigurationList;
			buildConfigurations = (
				4444EB8B1D957D0900B4DFC9 /* Debug */,
				4444EB8C1D957D0900B4DFC9 /* Release */,
			);
			defaultConfigurationIsVisible = 0;
		};
/* End XCConfigurationList section */
	};
	rootObject = 4444EB701D957D0900B4DFC9 /* Project object */;
}
