// !$*UTF8*$!
{
	archiveVersion = 1;
	classes = {
	};
	objectVersion = 46;
	objects = {

/* Begin PBXBuildFile section */
		4443A29D1D95911000354512 /* AppDelegate.swift in Sources */ = {isa = PBXBuildFile; fileRef = 4443A29C1D95911000354512 /* AppDelegate.swift */; };
		4443A29F1D95911000354512 /* ViewController.swift in Sources */ = {isa = PBXBuildFile; fileRef = 4443A29E1D95911000354512 /* ViewController.swift */; };
		4443A2A21D95911000354512 /* Main.storyboard in Resources */ = {isa = PBXBuildFile; fileRef = 4443A2A01D95911000354512 /* Main.storyboard */; };
		4443A2A41D95911000354512 /* Assets.xcassets in Resources */ = {isa = PBXBuildFile; fileRef = 4443A2A31D95911000354512 /* Assets.xcassets */; };
		4443A2A71D95911000354512 /* LaunchScreen.storyboard in Resources */ = {isa = PBXBuildFile; fileRef = 4443A2A51D95911000354512 /* LaunchScreen.storyboard */; };
		4443A2AF1D95947200354512 /* TableViewController.swift in Sources */ = {isa = PBXBuildFile; fileRef = 4443A2AE1D95947200354512 /* TableViewController.swift */; };
/* End PBXBuildFile section */

/* Begin PBXFileReference section */
		4443A2991D95911000354512 /* LugaresFavoritos.app */ = {isa = PBXFileReference; explicitFileType = wrapper.application; includeInIndex = 0; path = LugaresFavoritos.app; sourceTree = BUILT_PRODUCTS_DIR; };
		4443A29C1D95911000354512 /* AppDelegate.swift */ = {isa = PBXFileReference; lastKnownFileType = sourcecode.swift; path = AppDelegate.swift; sourceTree = "<group>"; };
		4443A29E1D95911000354512 /* ViewController.swift */ = {isa = PBXFileReference; lastKnownFileType = sourcecode.swift; path = ViewController.swift; sourceTree = "<group>"; };
		4443A2A11D95911000354512 /* Base */ = {isa = PBXFileReference; lastKnownFileType = file.storyboard; name = Base; path = Base.lproj/Main.storyboard; sourceTree = "<group>"; };
		4443A2A31D95911000354512 /* Assets.xcassets */ = {isa = PBXFileReference; lastKnownFileType = folder.assetcatalog; path = Assets.xcassets; sourceTree = "<group>"; };
		4443A2A61D95911000354512 /* Base */ = {isa = PBXFileReference; lastKnownFileType = file.storyboard; name = Base; path = Base.lproj/LaunchScreen.storyboard; sourceTree = "<group>"; };
		4443A2A81D95911000354512 /* Info.plist */ = {isa = PBXFileReference; lastKnownFileType = text.plist.xml; path = Info.plist; sourceTree = "<group>"; };
		4443A2AE1D95947200354512 /* TableViewController.swift */ = {isa = PBXFileReference; fileEncoding = 4; lastKnownFileType = sourcecode.swift; path = TableViewController.swift; sourceTree = "<group>"; };
/* End PBXFileReference section */

/* Begin PBXFrameworksBuildPhase section */
		4443A2961D95911000354512 /* Frameworks */ = {
			isa = PBXFrameworksBuildPhase;
			buildActionMask = 2147483647;
			files = (
			);
			runOnlyForDeploymentPostprocessing = 0;
		};
/* End PBXFrameworksBuildPhase section */

/* Begin PBXGroup section */
		4443A2901D95911000354512 = {
			isa = PBXGroup;
			children = (
				4443A29B1D95911000354512 /* LugaresFavoritos */,
				4443A29A1D95911000354512 /* Products */,
			);
			sourceTree = "<group>";
		};
		4443A29A1D95911000354512 /* Products */ = {
			isa = PBXGroup;
			children = (
				4443A2991D95911000354512 /* LugaresFavoritos.app */,
			);
			name = Products;
			sourceTree = "<group>";
		};
		4443A29B1D95911000354512 /* LugaresFavoritos */ = {
			isa = PBXGroup;
			children = (
				4443A29C1D95911000354512 /* AppDelegate.swift */,
				4443A29E1D95911000354512 /* ViewController.swift */,
				4443A2A01D95911000354512 /* Main.storyboard */,
				4443A2AE1D95947200354512 /* TableViewController.swift */,
				4443A2A31D95911000354512 /* Assets.xcassets */,
				4443A2A51D95911000354512 /* LaunchScreen.storyboard */,
				4443A2A81D95911000354512 /* Info.plist */,
			);
			path = LugaresFavoritos;
			sourceTree = "<group>";
		};
/* End PBXGroup section */

/* Begin PBXNativeTarget section */
		4443A2981D95911000354512 /* LugaresFavoritos */ = {
			isa = PBXNativeTarget;
			buildConfigurationList = 4443A2AB1D95911000354512 /* Build configuration list for PBXNativeTarget "LugaresFavoritos" */;
			buildPhases = (
				4443A2951D95911000354512 /* Sources */,
				4443A2961D95911000354512 /* Frameworks */,
				4443A2971D95911000354512 /* Resources */,
			);
			buildRules = (
			);
			dependencies = (
			);
			name = LugaresFavoritos;
			productName = LugaresFavoritos;
			productReference = 4443A2991D95911000354512 /* LugaresFavoritos.app */;
			productType = "com.apple.product-type.application";
		};
/* End PBXNativeTarget section */

/* Begin PBXProject section */
		4443A2911D95911000354512 /* Project object */ = {
			isa = PBXProject;
			attributes = {
				LastSwiftUpdateCheck = 0730;
				LastUpgradeCheck = 0730;
				ORGANIZATIONNAME = ios;
				TargetAttributes = {
					4443A2981D95911000354512 = {
						CreatedOnToolsVersion = 7.3.1;
					};
				};
			};
			buildConfigurationList = 4443A2941D95911000354512 /* Build configuration list for PBXProject "LugaresFavoritos" */;
			compatibilityVersion = "Xcode 3.2";
			developmentRegion = English;
			hasScannedForEncodings = 0;
			knownRegions = (
				en,
				Base,
			);
			mainGroup = 4443A2901D95911000354512;
			productRefGroup = 4443A29A1D95911000354512 /* Products */;
			projectDirPath = "";
			projectRoot = "";
			targets = (
				4443A2981D95911000354512 /* LugaresFavoritos */,
			);
		};
/* End PBXProject section */

/* Begin PBXResourcesBuildPhase section */
		4443A2971D95911000354512 /* Resources */ = {
			isa = PBXResourcesBuildPhase;
			buildActionMask = 2147483647;
			files = (
				4443A2A71D95911000354512 /* LaunchScreen.storyboard in Resources */,
				4443A2A41D95911000354512 /* Assets.xcassets in Resources */,
				4443A2A21D95911000354512 /* Main.storyboard in Resources */,
			);
			runOnlyForDeploymentPostprocessing = 0;
		};
/* End PBXResourcesBuildPhase section */

/* Begin PBXSourcesBuildPhase section */
		4443A2951D95911000354512 /* Sources */ = {
			isa = PBXSourcesBuildPhase;
			buildActionMask = 2147483647;
			files = (
				4443A29F1D95911000354512 /* ViewController.swift in Sources */,
				4443A2AF1D95947200354512 /* TableViewController.swift in Sources */,
				4443A29D1D95911000354512 /* AppDelegate.swift in Sources */,
			);
			runOnlyForDeploymentPostprocessing = 0;
		};
/* End PBXSourcesBuildPhase section */

/* Begin PBXVariantGroup section */
		4443A2A01D95911000354512 /* Main.storyboard */ = {
			isa = PBXVariantGroup;
			children = (
				4443A2A11D95911000354512 /* Base */,
			);
			name = Main.storyboard;
			sourceTree = "<group>";
		};
		4443A2A51D95911000354512 /* LaunchScreen.storyboard */ = {
			isa = PBXVariantGroup;
			children = (
				4443A2A61D95911000354512 /* Base */,
			);
			name = LaunchScreen.storyboard;
			sourceTree = "<group>";
		};
/* End PBXVariantGroup section */

/* Begin XCBuildConfiguration section */
		4443A2A91D95911000354512 /* Debug */ = {
			isa = XCBuildConfiguration;
			buildSettings = {
				ALWAYS_SEARCH_USER_PATHS = NO;
				CLANG_ANALYZER_NONNULL = YES;
				CLANG_CXX_LANGUAGE_STANDARD = "gnu++0x";
				CLANG_CXX_LIBRARY = "libc++";
				CLANG_ENABLE_MODULES = YES;
				CLANG_ENABLE_OBJC_ARC = YES;
				CLANG_WARN_BOOL_CONVERSION = YES;
				CLANG_WARN_CONSTANT_CONVERSION = YES;
				CLANG_WARN_DIRECT_OBJC_ISA_USAGE = YES_ERROR;
				CLANG_WARN_EMPTY_BODY = YES;
				CLANG_WARN_ENUM_CONVERSION = YES;
				CLANG_WARN_INT_CONVERSION = YES;
				CLANG_WARN_OBJC_ROOT_CLASS = YES_ERROR;
				CLANG_WARN_UNREACHABLE_CODE = YES;
				CLANG_WARN__DUPLICATE_METHOD_MATCH = YES;
				"CODE_SIGN_IDENTITY[sdk=iphoneos*]" = "iPhone Developer";
				COPY_PHASE_STRIP = NO;
				DEBUG_INFORMATION_FORMAT = dwarf;
				ENABLE_STRICT_OBJC_MSGSEND = YES;
				ENABLE_TESTABILITY = YES;
				GCC_C_LANGUAGE_STANDARD = gnu99;
				GCC_DYNAMIC_NO_PIC = NO;
				GCC_NO_COMMON_BLOCKS = YES;
				GCC_OPTIMIZATION_LEVEL = 0;
				GCC_PREPROCESSOR_DEFINITIONS = (
					"DEBUG=1",
					"$(inherited)",
				);
				GCC_WARN_64_TO_32_BIT_CONVERSION = YES;
				GCC_WARN_ABOUT_RETURN_TYPE = YES_ERROR;
				GCC_WARN_UNDECLARED_SELECTOR = YES;
				GCC_WARN_UNINITIALIZED_AUTOS = YES_AGGRESSIVE;
				GCC_WARN_UNUSED_FUNCTION = YES;
				GCC_WARN_UNUSED_VARIABLE = YES;
				IPHONEOS_DEPLOYMENT_TARGET = 9.3;
				MTL_ENABLE_DEBUG_INFO = YES;
				ONLY_ACTIVE_ARCH = YES;
				SDKROOT = iphoneos;
				SWIFT_OPTIMIZATION_LEVEL = "-Onone";
			};
			name = Debug;
		};
		4443A2AA1D95911000354512 /* Release */ = {
			isa = XCBuildConfiguration;
			buildSettings = {
				ALWAYS_SEARCH_USER_PATHS = NO;
				CLANG_ANALYZER_NONNULL = YES;
				CLANG_CXX_LANGUAGE_STANDARD = "gnu++0x";
				CLANG_CXX_LIBRARY = "libc++";
				CLANG_ENABLE_MODULES = YES;
				CLANG_ENABLE_OBJC_ARC = YES;
				CLANG_WARN_BOOL_CONVERSION = YES;
				CLANG_WARN_CONSTANT_CONVERSION = YES;
				CLANG_WARN_DIRECT_OBJC_ISA_USAGE = YES_ERROR;
				CLANG_WARN_EMPTY_BODY = YES;
				CLANG_WARN_ENUM_CONVERSION = YES;
				CLANG_WARN_INT_CONVERSION = YES;
				CLANG_WARN_OBJC_ROOT_CLASS = YES_ERROR;
				CLANG_WARN_UNREACHABLE_CODE = YES;
				CLANG_WARN__DUPLICATE_METHOD_MATCH = YES;
				"CODE_SIGN_IDENTITY[sdk=iphoneos*]" = "iPhone Developer";
				COPY_PHASE_STRIP = NO;
				DEBUG_INFORMATION_FORMAT = "dwarf-with-dsym";
				ENABLE_NS_ASSERTIONS = NO;
				ENABLE_STRICT_OBJC_MSGSEND = YES;
				GCC_C_LANGUAGE_STANDARD = gnu99;
				GCC_NO_COMMON_BLOCKS = YES;
				GCC_WARN_64_TO_32_BIT_CONVERSION = YES;
				GCC_WARN_ABOUT_RETURN_TYPE = YES_ERROR;
				GCC_WARN_UNDECLARED_SELECTOR = YES;
				GCC_WARN_UNINITIALIZED_AUTOS = YES_AGGRESSIVE;
				GCC_WARN_UNUSED_FUNCTION = YES;
				GCC_WARN_UNUSED_VARIABLE = YES;
				IPHONEOS_DEPLOYMENT_TARGET = 9.3;
				MTL_ENABLE_DEBUG_INFO = NO;
				SDKROOT = iphoneos;
				VALIDATE_PRODUCT = YES;
			};
			name = Release;
		};
		4443A2AC1D95911000354512 /* Debug */ = {
			isa = XCBuildConfiguration;
			buildSettings = {
				ASSETCATALOG_COMPILER_APPICON_NAME = AppIcon;
				INFOPLIST_FILE = LugaresFavoritos/Info.plist;
				LD_RUNPATH_SEARCH_PATHS = "$(inherited) @executable_path/Frameworks";
				PRODUCT_BUNDLE_IDENTIFIER = com.ios.LugaresFavoritos;
				PRODUCT_NAME = "$(TARGET_NAME)";
			};
			name = Debug;
		};
		4443A2AD1D95911000354512 /* Release */ = {
			isa = XCBuildConfiguration;
			buildSettings = {
				ASSETCATALOG_COMPILER_APPICON_NAME = AppIcon;
				INFOPLIST_FILE = LugaresFavoritos/Info.plist;
				LD_RUNPATH_SEARCH_PATHS = "$(inherited) @executable_path/Frameworks";
				PRODUCT_BUNDLE_IDENTIFIER = com.ios.LugaresFavoritos;
				PRODUCT_NAME = "$(TARGET_NAME)";
			};
			name = Release;
		};
/* End XCBuildConfiguration section */

/* Begin XCConfigurationList section */
		4443A2941D95911000354512 /* Build configuration list for PBXProject "LugaresFavoritos" */ = {
			isa = XCConfigurationList;
			buildConfigurations = (
				4443A2A91D95911000354512 /* Debug */,
				4443A2AA1D95911000354512 /* Release */,
			);
			defaultConfigurationIsVisible = 0;
			defaultConfigurationName = Release;
		};
		4443A2AB1D95911000354512 /* Build configuration list for PBXNativeTarget "LugaresFavoritos" */ = {
			isa = XCConfigurationList;
			buildConfigurations = (
				4443A2AC1D95911000354512 /* Debug */,
				4443A2AD1D95911000354512 /* Release */,
			);
			defaultConfigurationIsVisible = 0;
		};
/* End XCConfigurationList section */
	};
	rootObject = 4443A2911D95911000354512 /* Project object */;
}
