// !$*UTF8*$!
{
	archiveVersion = 1;
	classes = {
	};
	objectVersion = 46;
	objects = {

/* Begin PBXBuildFile section */
		44E7B65E1D9AB58900D7BBBD /* AppDelegate.swift in Sources */ = {isa = PBXBuildFile; fileRef = 44E7B65D1D9AB58900D7BBBD /* AppDelegate.swift */; };
		44E7B6601D9AB58900D7BBBD /* ViewController.swift in Sources */ = {isa = PBXBuildFile; fileRef = 44E7B65F1D9AB58900D7BBBD /* ViewController.swift */; };
		44E7B6631D9AB58900D7BBBD /* Main.storyboard in Resources */ = {isa = PBXBuildFile; fileRef = 44E7B6611D9AB58900D7BBBD /* Main.storyboard */; };
		44E7B6651D9AB58900D7BBBD /* Assets.xcassets in Resources */ = {isa = PBXBuildFile; fileRef = 44E7B6641D9AB58900D7BBBD /* Assets.xcassets */; };
		44E7B6681D9AB58900D7BBBD /* LaunchScreen.storyboard in Resources */ = {isa = PBXBuildFile; fileRef = 44E7B6661D9AB58900D7BBBD /* LaunchScreen.storyboard */; };
/* End PBXBuildFile section */

/* Begin PBXFileReference section */
		44E7B65A1D9AB58900D7BBBD /* Exemplo JSON.app */ = {isa = PBXFileReference; explicitFileType = wrapper.application; includeInIndex = 0; path = "Exemplo JSON.app"; sourceTree = BUILT_PRODUCTS_DIR; };
		44E7B65D1D9AB58900D7BBBD /* AppDelegate.swift */ = {isa = PBXFileReference; lastKnownFileType = sourcecode.swift; path = AppDelegate.swift; sourceTree = "<group>"; };
		44E7B65F1D9AB58900D7BBBD /* ViewController.swift */ = {isa = PBXFileReference; lastKnownFileType = sourcecode.swift; path = ViewController.swift; sourceTree = "<group>"; };
		44E7B6621D9AB58900D7BBBD /* Base */ = {isa = PBXFileReference; lastKnownFileType = file.storyboard; name = Base; path = Base.lproj/Main.storyboard; sourceTree = "<group>"; };
		44E7B6641D9AB58900D7BBBD /* Assets.xcassets */ = {isa = PBXFileReference; lastKnownFileType = folder.assetcatalog; path = Assets.xcassets; sourceTree = "<group>"; };
		44E7B6671D9AB58900D7BBBD /* Base */ = {isa = PBXFileReference; lastKnownFileType = file.storyboard; name = Base; path = Base.lproj/LaunchScreen.storyboard; sourceTree = "<group>"; };
		44E7B6691D9AB58900D7BBBD /* Info.plist */ = {isa = PBXFileReference; lastKnownFileType = text.plist.xml; path = Info.plist; sourceTree = "<group>"; };
/* End PBXFileReference section */

/* Begin PBXFrameworksBuildPhase section */
		44E7B6571D9AB58900D7BBBD /* Frameworks */ = {
			isa = PBXFrameworksBuildPhase;
			buildActionMask = 2147483647;
			files = (
			);
			runOnlyForDeploymentPostprocessing = 0;
		};
/* End PBXFrameworksBuildPhase section */

/* Begin PBXGroup section */
		44E7B6511D9AB58900D7BBBD = {
			isa = PBXGroup;
			children = (
				44E7B65C1D9AB58900D7BBBD /* Exemplo JSON */,
				44E7B65B1D9AB58900D7BBBD /* Products */,
			);
			sourceTree = "<group>";
		};
		44E7B65B1D9AB58900D7BBBD /* Products */ = {
			isa = PBXGroup;
			children = (
				44E7B65A1D9AB58900D7BBBD /* Exemplo JSON.app */,
			);
			name = Products;
			sourceTree = "<group>";
		};
		44E7B65C1D9AB58900D7BBBD /* Exemplo JSON */ = {
			isa = PBXGroup;
			children = (
				44E7B65D1D9AB58900D7BBBD /* AppDelegate.swift */,
				44E7B65F1D9AB58900D7BBBD /* ViewController.swift */,
				44E7B6611D9AB58900D7BBBD /* Main.storyboard */,
				44E7B6641D9AB58900D7BBBD /* Assets.xcassets */,
				44E7B6661D9AB58900D7BBBD /* LaunchScreen.storyboard */,
				44E7B6691D9AB58900D7BBBD /* Info.plist */,
			);
			path = "Exemplo JSON";
			sourceTree = "<group>";
		};
/* End PBXGroup section */

/* Begin PBXNativeTarget section */
		44E7B6591D9AB58900D7BBBD /* Exemplo JSON */ = {
			isa = PBXNativeTarget;
			buildConfigurationList = 44E7B66C1D9AB58900D7BBBD /* Build configuration list for PBXNativeTarget "Exemplo JSON" */;
			buildPhases = (
				44E7B6561D9AB58900D7BBBD /* Sources */,
				44E7B6571D9AB58900D7BBBD /* Frameworks */,
				44E7B6581D9AB58900D7BBBD /* Resources */,
			);
			buildRules = (
			);
			dependencies = (
			);
			name = "Exemplo JSON";
			productName = "Exemplo JSON";
			productReference = 44E7B65A1D9AB58900D7BBBD /* Exemplo JSON.app */;
			productType = "com.apple.product-type.application";
		};
/* End PBXNativeTarget section */

/* Begin PBXProject section */
		44E7B6521D9AB58900D7BBBD /* Project object */ = {
			isa = PBXProject;
			attributes = {
				LastSwiftUpdateCheck = 0730;
				LastUpgradeCheck = 0730;
				ORGANIZATIONNAME = ios;
				TargetAttributes = {
					44E7B6591D9AB58900D7BBBD = {
						CreatedOnToolsVersion = 7.3.1;
					};
				};
			};
			buildConfigurationList = 44E7B6551D9AB58900D7BBBD /* Build configuration list for PBXProject "Exemplo JSON" */;
			compatibilityVersion = "Xcode 3.2";
			developmentRegion = English;
			hasScannedForEncodings = 0;
			knownRegions = (
				en,
				Base,
			);
			mainGroup = 44E7B6511D9AB58900D7BBBD;
			productRefGroup = 44E7B65B1D9AB58900D7BBBD /* Products */;
			projectDirPath = "";
			projectRoot = "";
			targets = (
				44E7B6591D9AB58900D7BBBD /* Exemplo JSON */,
			);
		};
/* End PBXProject section */

/* Begin PBXResourcesBuildPhase section */
		44E7B6581D9AB58900D7BBBD /* Resources */ = {
			isa = PBXResourcesBuildPhase;
			buildActionMask = 2147483647;
			files = (
				44E7B6681D9AB58900D7BBBD /* LaunchScreen.storyboard in Resources */,
				44E7B6651D9AB58900D7BBBD /* Assets.xcassets in Resources */,
				44E7B6631D9AB58900D7BBBD /* Main.storyboard in Resources */,
			);
			runOnlyForDeploymentPostprocessing = 0;
		};
/* End PBXResourcesBuildPhase section */

/* Begin PBXSourcesBuildPhase section */
		44E7B6561D9AB58900D7BBBD /* Sources */ = {
			isa = PBXSourcesBuildPhase;
			buildActionMask = 2147483647;
			files = (
				44E7B6601D9AB58900D7BBBD /* ViewController.swift in Sources */,
				44E7B65E1D9AB58900D7BBBD /* AppDelegate.swift in Sources */,
			);
			runOnlyForDeploymentPostprocessing = 0;
		};
/* End PBXSourcesBuildPhase section */

/* Begin PBXVariantGroup section */
		44E7B6611D9AB58900D7BBBD /* Main.storyboard */ = {
			isa = PBXVariantGroup;
			children = (
				44E7B6621D9AB58900D7BBBD /* Base */,
			);
			name = Main.storyboard;
			sourceTree = "<group>";
		};
		44E7B6661D9AB58900D7BBBD /* LaunchScreen.storyboard */ = {
			isa = PBXVariantGroup;
			children = (
				44E7B6671D9AB58900D7BBBD /* Base */,
			);
			name = LaunchScreen.storyboard;
			sourceTree = "<group>";
		};
/* End PBXVariantGroup section */

/* Begin XCBuildConfiguration section */
		44E7B66A1D9AB58900D7BBBD /* Debug */ = {
			isa = XCBuildConfiguration;
			buildSettings = {
				ALWAYS_SEARCH_USER_PATHS = NO;
				CLANG_ANALYZER_NONNULL = YES;
				CLANG_CXX_LANGUAGE_STANDARD = "gnu++0x";
				CLANG_CXX_LIBRARY = "libc++";
				CLANG_ENABLE_MODULES = YES;
				CLANG_ENABLE_OBJC_ARC = YES;
				CLANG_WARN_BOOL_CONVERSION = YES;
				CLANG_WARN_CONSTANT_CONVERSION = YES;
				CLANG_WARN_DIRECT_OBJC_ISA_USAGE = YES_ERROR;
				CLANG_WARN_EMPTY_BODY = YES;
				CLANG_WARN_ENUM_CONVERSION = YES;
				CLANG_WARN_INT_CONVERSION = YES;
				CLANG_WARN_OBJC_ROOT_CLASS = YES_ERROR;
				CLANG_WARN_UNREACHABLE_CODE = YES;
				CLANG_WARN__DUPLICATE_METHOD_MATCH = YES;
				"CODE_SIGN_IDENTITY[sdk=iphoneos*]" = "iPhone Developer";
				COPY_PHASE_STRIP = NO;
				DEBUG_INFORMATION_FORMAT = dwarf;
				ENABLE_STRICT_OBJC_MSGSEND = YES;
				ENABLE_TESTABILITY = YES;
				GCC_C_LANGUAGE_STANDARD = gnu99;
				GCC_DYNAMIC_NO_PIC = NO;
				GCC_NO_COMMON_BLOCKS = YES;
				GCC_OPTIMIZATION_LEVEL = 0;
				GCC_PREPROCESSOR_DEFINITIONS = (
					"DEBUG=1",
					"$(inherited)",
				);
				GCC_WARN_64_TO_32_BIT_CONVERSION = YES;
				GCC_WARN_ABOUT_RETURN_TYPE = YES_ERROR;
				GCC_WARN_UNDECLARED_SELECTOR = YES;
				GCC_WARN_UNINITIALIZED_AUTOS = YES_AGGRESSIVE;
				GCC_WARN_UNUSED_FUNCTION = YES;
				GCC_WARN_UNUSED_VARIABLE = YES;
				IPHONEOS_DEPLOYMENT_TARGET = 9.3;
				MTL_ENABLE_DEBUG_INFO = YES;
				ONLY_ACTIVE_ARCH = YES;
				SDKROOT = iphoneos;
				SWIFT_OPTIMIZATION_LEVEL = "-Onone";
			};
			name = Debug;
		};
		44E7B66B1D9AB58900D7BBBD /* Release */ = {
			isa = XCBuildConfiguration;
			buildSettings = {
				ALWAYS_SEARCH_USER_PATHS = NO;
				CLANG_ANALYZER_NONNULL = YES;
				CLANG_CXX_LANGUAGE_STANDARD = "gnu++0x";
				CLANG_CXX_LIBRARY = "libc++";
				CLANG_ENABLE_MODULES = YES;
				CLANG_ENABLE_OBJC_ARC = YES;
				CLANG_WARN_BOOL_CONVERSION = YES;
				CLANG_WARN_CONSTANT_CONVERSION = YES;
				CLANG_WARN_DIRECT_OBJC_ISA_USAGE = YES_ERROR;
				CLANG_WARN_EMPTY_BODY = YES;
				CLANG_WARN_ENUM_CONVERSION = YES;
				CLANG_WARN_INT_CONVERSION = YES;
				CLANG_WARN_OBJC_ROOT_CLASS = YES_ERROR;
				CLANG_WARN_UNREACHABLE_CODE = YES;
				CLANG_WARN__DUPLICATE_METHOD_MATCH = YES;
				"CODE_SIGN_IDENTITY[sdk=iphoneos*]" = "iPhone Developer";
				COPY_PHASE_STRIP = NO;
				DEBUG_INFORMATION_FORMAT = "dwarf-with-dsym";
				ENABLE_NS_ASSERTIONS = NO;
				ENABLE_STRICT_OBJC_MSGSEND = YES;
				GCC_C_LANGUAGE_STANDARD = gnu99;
				GCC_NO_COMMON_BLOCKS = YES;
				GCC_WARN_64_TO_32_BIT_CONVERSION = YES;
				GCC_WARN_ABOUT_RETURN_TYPE = YES_ERROR;
				GCC_WARN_UNDECLARED_SELECTOR = YES;
				GCC_WARN_UNINITIALIZED_AUTOS = YES_AGGRESSIVE;
				GCC_WARN_UNUSED_FUNCTION = YES;
				GCC_WARN_UNUSED_VARIABLE = YES;
				IPHONEOS_DEPLOYMENT_TARGET = 9.3;
				MTL_ENABLE_DEBUG_INFO = NO;
				SDKROOT = iphoneos;
				VALIDATE_PRODUCT = YES;
			};
			name = Release;
		};
		44E7B66D1D9AB58900D7BBBD /* Debug */ = {
			isa = XCBuildConfiguration;
			buildSettings = {
				ASSETCATALOG_COMPILER_APPICON_NAME = AppIcon;
				INFOPLIST_FILE = "Exemplo JSON/Info.plist";
				LD_RUNPATH_SEARCH_PATHS = "$(inherited) @executable_path/Frameworks";
				PRODUCT_BUNDLE_IDENTIFIER = "com.ios.Exemplo-JSON";
				PRODUCT_NAME = "$(TARGET_NAME)";
			};
			name = Debug;
		};
		44E7B66E1D9AB58900D7BBBD /* Release */ = {
			isa = XCBuildConfiguration;
			buildSettings = {
				ASSETCATALOG_COMPILER_APPICON_NAME = AppIcon;
				INFOPLIST_FILE = "Exemplo JSON/Info.plist";
				LD_RUNPATH_SEARCH_PATHS = "$(inherited) @executable_path/Frameworks";
				PRODUCT_BUNDLE_IDENTIFIER = "com.ios.Exemplo-JSON";
				PRODUCT_NAME = "$(TARGET_NAME)";
			};
			name = Release;
		};
/* End XCBuildConfiguration section */

/* Begin XCConfigurationList section */
		44E7B6551D9AB58900D7BBBD /* Build configuration list for PBXProject "Exemplo JSON" */ = {
			isa = XCConfigurationList;
			buildConfigurations = (
				44E7B66A1D9AB58900D7BBBD /* Debug */,
				44E7B66B1D9AB58900D7BBBD /* Release */,
			);
			defaultConfigurationIsVisible = 0;
			defaultConfigurationName = Release;
		};
		44E7B66C1D9AB58900D7BBBD /* Build configuration list for PBXNativeTarget "Exemplo JSON" */ = {
			isa = XCConfigurationList;
			buildConfigurations = (
				44E7B66D1D9AB58900D7BBBD /* Debug */,
				44E7B66E1D9AB58900D7BBBD /* Release */,
			);
			defaultConfigurationIsVisible = 0;
		};
/* End XCConfigurationList section */
	};
	rootObject = 44E7B6521D9AB58900D7BBBD /* Project object */;
}
